
Microsoft Visual Studio Solution File, Format Version 12.00
# Visual Studio Version 17
VisualStudioVersion = 17.2.32616.157
MinimumVisualStudioVersion = 10.0.40219.1
Project("{FAE04EC0-301F-11D3-BF4B-00C04F79EFBC}") = "LeagueAccManager", "LeagueAccManager\LeagueAccManager.csproj", "{60EACD50-BDCE-423A-9CCA-0A2767BDD574}"
EndProject
Global
	GlobalSection(SolutionConfigurationPlatforms) = preSolution
		Debug|Any CPU = Debug|Any CPU
		Release|Any CPU = Release|Any CPU
	EndGlobalSection
	GlobalSection(ProjectConfigurationPlatforms) = postSolution
		{60EACD50-BDCE-423A-9CCA-0A2767BDD574}.Debug|Any CPU.ActiveCfg = Debug|Any CPU
		{60EACD50-BDCE-423A-9CCA-0A2767BDD574}.Debug|Any CPU.Build.0 = Debug|Any CPU
		{60EACD50-BDCE-423A-9CCA-0A2767BDD574}.Release|Any CPU.ActiveCfg = Release|Any CPU
		{60EACD50-BDCE-423A-9CCA-0A2767BDD574}.Release|Any CPU.Build.0 = Release|Any CPU
	EndGlobalSection
	GlobalSection(SolutionProperties) = preSolution
		HideSolutionNode = FALSE
	EndGlobalSection
	GlobalSection(ExtensibilityGlobals) = postSolution
		SolutionGuid = {9EE4CDCA-6FF5-4DBA-835C-7A66C51312C5}
	EndGlobalSection
EndGlobal
